
Microsoft Visual Studio Solution File, Format Version 12.00
# Visual Studio Version 16
VisualStudioVersion = 16.0.31515.178
MinimumVisualStudioVersion = 10.0.40219.1
Project("{FAE04EC0-301F-11D3-BF4B-00C04F79EFBC}") = "OpenCL_Test", "OpenCL_Test.csproj", "{98A911DE-684A-44AB-AF19-98293F179740}"
EndProject
Global
	GlobalSection(SolutionConfigurationPlatforms) = preSolution
		Debug|Any CPU = Debug|Any CPU
		Release|Any CPU = Release|Any CPU
	EndGlobalSection
	GlobalSection(ProjectConfigurationPlatforms) = postSolution
		{98A911DE-684A-44AB-AF19-98293F179740}.Debug|Any CPU.ActiveCfg = Debug|Any CPU
		{98A911DE-684A-44AB-AF19-98293F179740}.Debug|Any CPU.Build.0 = Debug|Any CPU
		{98A911DE-684A-44AB-AF19-98293F179740}.Release|Any CPU.ActiveCfg = Release|Any CPU
		{98A911DE-684A-44AB-AF19-98293F179740}.Release|Any CPU.Build.0 = Release|Any CPU
	EndGlobalSection
	GlobalSection(SolutionProperties) = preSolution
		HideSolutionNode = FALSE
	EndGlobalSection
	GlobalSection(ExtensibilityGlobals) = postSolution
		SolutionGuid = {EA316395-1497-47F8-8384-74AD9E185803}
	EndGlobalSection
EndGlobal
